
Microsoft Visual Studio Solution File, Format Version 12.00
# Visual Studio Version 17
VisualStudioVersion = 17.2.32519.379
MinimumVisualStudioVersion = 10.0.40219.1
Project("{FAE04EC0-301F-11D3-BF4B-00C04F79EFBC}") = "EmpresaT3", "EmpresaT3\EmpresaT3.csproj", "{71AAEFC3-C0FF-44C1-A548-03A2C64FD0E3}"
EndProject
Global
	GlobalSection(SolutionConfigurationPlatforms) = preSolution
		Debug|Any CPU = Debug|Any CPU
		Release|Any CPU = Release|Any CPU
	EndGlobalSection
	GlobalSection(ProjectConfigurationPlatforms) = postSolution
		{71AAEFC3-C0FF-44C1-A548-03A2C64FD0E3}.Debug|Any CPU.ActiveCfg = Debug|Any CPU
		{71AAEFC3-C0FF-44C1-A548-03A2C64FD0E3}.Debug|Any CPU.Build.0 = Debug|Any CPU
		{71AAEFC3-C0FF-44C1-A548-03A2C64FD0E3}.Release|Any CPU.ActiveCfg = Release|Any CPU
		{71AAEFC3-C0FF-44C1-A548-03A2C64FD0E3}.Release|Any CPU.Build.0 = Release|Any CPU
	EndGlobalSection
	GlobalSection(SolutionProperties) = preSolution
		HideSolutionNode = FALSE
	EndGlobalSection
	GlobalSection(ExtensibilityGlobals) = postSolution
		SolutionGuid = {8A52C3A3-EC02-494B-810B-7F6010B4651D}
	EndGlobalSection
EndGlobal
